// !$*UTF8*$!
{
	archiveVersion = 1;
	classes = {
	};
	objectVersion = 46;
	objects = {

/* Begin PBXBuildFile section */
		321E2ECC1C11D8EA009B521B /* AppDelegate.swift in Sources */ = {isa = PBXBuildFile; fileRef = 321E2ECB1C11D8EA009B521B /* AppDelegate.swift */; };
		321E2ECE1C11D8EA009B521B /* ViewController.swift in Sources */ = {isa = PBXBuildFile; fileRef = 321E2ECD1C11D8EA009B521B /* ViewController.swift */; };
		321E2ED11C11D8EA009B521B /* Main.storyboard in Resources */ = {isa = PBXBuildFile; fileRef = 321E2ECF1C11D8EA009B521B /* Main.storyboard */; };
		321E2ED31C11D8EA009B521B /* Assets.xcassets in Resources */ = {isa = PBXBuildFile; fileRef = 321E2ED21C11D8EA009B521B /* Assets.xcassets */; };
		321E2ED61C11D8EA009B521B /* LaunchScreen.storyboard in Resources */ = {isa = PBXBuildFile; fileRef = 321E2ED41C11D8EA009B521B /* LaunchScreen.storyboard */; };
		321E2EE11C11D8EA009B521B /* Me_Electricity_BillsTests.swift in Sources */ = {isa = PBXBuildFile; fileRef = 321E2EE01C11D8EA009B521B /* Me_Electricity_BillsTests.swift */; };
		321E2EEC1C11D8EA009B521B /* Me_Electricity_BillsUITests.swift in Sources */ = {isa = PBXBuildFile; fileRef = 321E2EEB1C11D8EA009B521B /* Me_Electricity_BillsUITests.swift */; };
/* End PBXBuildFile section */

/* Begin PBXContainerItemProxy section */
		321E2EDD1C11D8EA009B521B /* PBXContainerItemProxy */ = {
			isa = PBXContainerItemProxy;
			containerPortal = 321E2EC01C11D8EA009B521B /* Project object */;
			proxyType = 1;
			remoteGlobalIDString = 321E2EC71C11D8EA009B521B;
			remoteInfo = "Me Electricity Bills";
		};
		321E2EE81C11D8EA009B521B /* PBXContainerItemProxy */ = {
			isa = PBXContainerItemProxy;
			containerPortal = 321E2EC01C11D8EA009B521B /* Project object */;
			proxyType = 1;
			remoteGlobalIDString = 321E2EC71C11D8EA009B521B;
			remoteInfo = "Me Electricity Bills";
		};
/* End PBXContainerItemProxy section */

/* Begin PBXFileReference section */
		321E2EC81C11D8EA009B521B /* Me Electricity Bills.app */ = {isa = PBXFileReference; explicitFileType = wrapper.application; includeInIndex = 0; path = "Me Electricity Bills.app"; sourceTree = BUILT_PRODUCTS_DIR; };
		321E2ECB1C11D8EA009B521B /* AppDelegate.swift */ = {isa = PBXFileReference; lastKnownFileType = sourcecode.swift; path = AppDelegate.swift; sourceTree = "<group>"; };
		321E2ECD1C11D8EA009B521B /* ViewController.swift */ = {isa = PBXFileReference; lastKnownFileType = sourcecode.swift; path = ViewController.swift; sourceTree = "<group>"; };
		321E2ED01C11D8EA009B521B /* Base */ = {isa = PBXFileReference; lastKnownFileType = file.storyboard; name = Base; path = Base.lproj/Main.storyboard; sourceTree = "<group>"; };
		321E2ED21C11D8EA009B521B /* Assets.xcassets */ = {isa = PBXFileReference; lastKnownFileType = folder.assetcatalog; path = Assets.xcassets; sourceTree = "<group>"; };
		321E2ED51C11D8EA009B521B /* Base */ = {isa = PBXFileReference; lastKnownFileType = file.storyboard; name = Base; path = Base.lproj/LaunchScreen.storyboard; sourceTree = "<group>"; };
		321E2ED71C11D8EA009B521B /* Info.plist */ = {isa = PBXFileReference; lastKnownFileType = text.plist.xml; path = Info.plist; sourceTree = "<group>"; };
		321E2EDC1C11D8EA009B521B /* Me Electricity BillsTests.xctest */ = {isa = PBXFileReference; explicitFileType = wrapper.cfbundle; includeInIndex = 0; path = "Me Electricity BillsTests.xctest"; sourceTree = BUILT_PRODUCTS_DIR; };
		321E2EE01C11D8EA009B521B /* Me_Electricity_BillsTests.swift */ = {isa = PBXFileReference; lastKnownFileType = sourcecode.swift; path = Me_Electricity_BillsTests.swift; sourceTree = "<group>"; };
		321E2EE21C11D8EA009B521B /* Info.plist */ = {isa = PBXFileReference; lastKnownFileType = text.plist.xml; path = Info.plist; sourceTree = "<group>"; };
		321E2EE71C11D8EA009B521B /* Me Electricity BillsUITests.xctest */ = {isa = PBXFileReference; explicitFileType = wrapper.cfbundle; includeInIndex = 0; path = "Me Electricity BillsUITests.xctest"; sourceTree = BUILT_PRODUCTS_DIR; };
		321E2EEB1C11D8EA009B521B /* Me_Electricity_BillsUITests.swift */ = {isa = PBXFileReference; lastKnownFileType = sourcecode.swift; path = Me_Electricity_BillsUITests.swift; sourceTree = "<group>"; };
		321E2EED1C11D8EA009B521B /* Info.plist */ = {isa = PBXFileReference; lastKnownFileType = text.plist.xml; path = Info.plist; sourceTree = "<group>"; };
/* End PBXFileReference section */

/* Begin PBXFrameworksBuildPhase section */
		321E2EC51C11D8EA009B521B /* Frameworks */ = {
			isa = PBXFrameworksBuildPhase;
			buildActionMask = 2147483647;
			files = (
			);
			runOnlyForDeploymentPostprocessing = 0;
		};
		321E2ED91C11D8EA009B521B /* Frameworks */ = {
			isa = PBXFrameworksBuildPhase;
			buildActionMask = 2147483647;
			files = (
			);
			runOnlyForDeploymentPostprocessing = 0;
		};
		321E2EE41C11D8EA009B521B /* Frameworks */ = {
			isa = PBXFrameworksBuildPhase;
			buildActionMask = 2147483647;
			files = (
			);
			runOnlyForDeploymentPostprocessing = 0;
		};
/* End PBXFrameworksBuildPhase section */

/* Begin PBXGroup section */
		321E2EBF1C11D8EA009B521B = {
			isa = PBXGroup;
			children = (
				321E2ECA1C11D8EA009B521B /* Me Electricity Bills */,
				321E2EDF1C11D8EA009B521B /* Me Electricity BillsTests */,
				321E2EEA1C11D8EA009B521B /* Me Electricity BillsUITests */,
				321E2EC91C11D8EA009B521B /* Products */,
			);
			sourceTree = "<group>";
		};
		321E2EC91C11D8EA009B521B /* Products */ = {
			isa = PBXGroup;
			children = (
				321E2EC81C11D8EA009B521B /* Me Electricity Bills.app */,
				321E2EDC1C11D8EA009B521B /* Me Electricity BillsTests.xctest */,
				321E2EE71C11D8EA009B521B /* Me Electricity BillsUITests.xctest */,
			);
			name = Products;
			sourceTree = "<group>";
		};
		321E2ECA1C11D8EA009B521B /* Me Electricity Bills */ = {
			isa = PBXGroup;
			children = (
				321E2ECB1C11D8EA009B521B /* AppDelegate.swift */,
				321E2ECD1C11D8EA009B521B /* ViewController.swift */,
				321E2ECF1C11D8EA009B521B /* Main.storyboard */,
				321E2ED21C11D8EA009B521B /* Assets.xcassets */,
				321E2ED41C11D8EA009B521B /* LaunchScreen.storyboard */,
				321E2ED71C11D8EA009B521B /* Info.plist */,
			);
			path = "Me Electricity Bills";
			sourceTree = "<group>";
		};
		321E2EDF1C11D8EA009B521B /* Me Electricity BillsTests */ = {
			isa = PBXGroup;
			children = (
				321E2EE01C11D8EA009B521B /* Me_Electricity_BillsTests.swift */,
				321E2EE21C11D8EA009B521B /* Info.plist */,
			);
			path = "Me Electricity BillsTests";
			sourceTree = "<group>";
		};
		321E2EEA1C11D8EA009B521B /* Me Electricity BillsUITests */ = {
			isa = PBXGroup;
			children = (
				321E2EEB1C11D8EA009B521B /* Me_Electricity_BillsUITests.swift */,
				321E2EED1C11D8EA009B521B /* Info.plist */,
			);
			path = "Me Electricity BillsUITests";
			sourceTree = "<group>";
		};
/* End PBXGroup section */

/* Begin PBXNativeTarget section */
		321E2EC71C11D8EA009B521B /* Me Electricity Bills */ = {
			isa = PBXNativeTarget;
			buildConfigurationList = 321E2EF01C11D8EA009B521B /* Build configuration list for PBXNativeTarget "Me Electricity Bills" */;
			buildPhases = (
				321E2EC41C11D8EA009B521B /* Sources */,
				321E2EC51C11D8EA009B521B /* Frameworks */,
				321E2EC61C11D8EA009B521B /* Resources */,
			);
			buildRules = (
			);
			dependencies = (
			);
			name = "Me Electricity Bills";
			productName = "Me Electricity Bills";
			productReference = 321E2EC81C11D8EA009B521B /* Me Electricity Bills.app */;
			productType = "com.apple.product-type.application";
		};
		321E2EDB1C11D8EA009B521B /* Me Electricity BillsTests */ = {
			isa = PBXNativeTarget;
			buildConfigurationList = 321E2EF31C11D8EA009B521B /* Build configuration list for PBXNativeTarget "Me Electricity BillsTests" */;
			buildPhases = (
				321E2ED81C11D8EA009B521B /* Sources */,
				321E2ED91C11D8EA009B521B /* Frameworks */,
				321E2EDA1C11D8EA009B521B /* Resources */,
			);
			buildRules = (
			);
			dependencies = (
				321E2EDE1C11D8EA009B521B /* PBXTargetDependency */,
			);
			name = "Me Electricity BillsTests";
			productName = "Me Electricity BillsTests";
			productReference = 321E2EDC1C11D8EA009B521B /* Me Electricity BillsTests.xctest */;
			productType = "com.apple.product-type.bundle.unit-test";
		};
		321E2EE61C11D8EA009B521B /* Me Electricity BillsUITests */ = {
			isa = PBXNativeTarget;
			buildConfigurationList = 321E2EF61C11D8EA009B521B /* Build configuration list for PBXNativeTarget "Me Electricity BillsUITests" */;
			buildPhases = (
				321E2EE31C11D8EA009B521B /* Sources */,
				321E2EE41C11D8EA009B521B /* Frameworks */,
				321E2EE51C11D8EA009B521B /* Resources */,
			);
			buildRules = (
			);
			dependencies = (
				321E2EE91C11D8EA009B521B /* PBXTargetDependency */,
			);
			name = "Me Electricity BillsUITests";
			productName = "Me Electricity BillsUITests";
			productReference = 321E2EE71C11D8EA009B521B /* Me Electricity BillsUITests.xctest */;
			productType = "com.apple.product-type.bundle.ui-testing";
		};
/* End PBXNativeTarget section */

/* Begin PBXProject section */
		321E2EC01C11D8EA009B521B /* Project object */ = {
			isa = PBXProject;
			attributes = {
				LastSwiftUpdateCheck = 0710;
				LastUpgradeCheck = 0710;
				ORGANIZATIONNAME = "Yasuhiro Tanaka";
				TargetAttributes = {
					321E2EC71C11D8EA009B521B = {
						CreatedOnToolsVersion = 7.1.1;
					};
					321E2EDB1C11D8EA009B521B = {
						CreatedOnToolsVersion = 7.1.1;
						TestTargetID = 321E2EC71C11D8EA009B521B;
					};
					321E2EE61C11D8EA009B521B = {
						CreatedOnToolsVersion = 7.1.1;
						TestTargetID = 321E2EC71C11D8EA009B521B;
					};
				};
			};
			buildConfigurationList = 321E2EC31C11D8EA009B521B /* Build configuration list for PBXProject "Me Electricity Bills" */;
			compatibilityVersion = "Xcode 3.2";
			developmentRegion = English;
			hasScannedForEncodings = 0;
			knownRegions = (
				en,
				Base,
			);
			mainGroup = 321E2EBF1C11D8EA009B521B;
			productRefGroup = 321E2EC91C11D8EA009B521B /* Products */;
			projectDirPath = "";
			projectRoot = "";
			targets = (
				321E2EC71C11D8EA009B521B /* Me Electricity Bills */,
				321E2EDB1C11D8EA009B521B /* Me Electricity BillsTests */,
				321E2EE61C11D8EA009B521B /* Me Electricity BillsUITests */,
			);
		};
/* End PBXProject section */

/* Begin PBXResourcesBuildPhase section */
		321E2EC61C11D8EA009B521B /* Resources */ = {
			isa = PBXResourcesBuildPhase;
			buildActionMask = 2147483647;
			files = (
				321E2ED61C11D8EA009B521B /* LaunchScreen.storyboard in Resources */,
				321E2ED31C11D8EA009B521B /* Assets.xcassets in Resources */,
				321E2ED11C11D8EA009B521B /* Main.storyboard in Resources */,
			);
			runOnlyForDeploymentPostprocessing = 0;
		};
		321E2EDA1C11D8EA009B521B /* Resources */ = {
			isa = PBXResourcesBuildPhase;
			buildActionMask = 2147483647;
			files = (
			);
			runOnlyForDeploymentPostprocessing = 0;
		};
		321E2EE51C11D8EA009B521B /* Resources */ = {
			isa = PBXResourcesBuildPhase;
			buildActionMask = 2147483647;
			files = (
			);
			runOnlyForDeploymentPostprocessing = 0;
		};
/* End PBXResourcesBuildPhase section */

/* Begin PBXSourcesBuildPhase section */
		321E2EC41C11D8EA009B521B /* Sources */ = {
			isa = PBXSourcesBuildPhase;
			buildActionMask = 2147483647;
			files = (
				321E2ECE1C11D8EA009B521B /* ViewController.swift in Sources */,
				321E2ECC1C11D8EA009B521B /* AppDelegate.swift in Sources */,
			);
			runOnlyForDeploymentPostprocessing = 0;
		};
		321E2ED81C11D8EA009B521B /* Sources */ = {
			isa = PBXSourcesBuildPhase;
			buildActionMask = 2147483647;
			files = (
				321E2EE11C11D8EA009B521B /* Me_Electricity_BillsTests.swift in Sources */,
			);
			runOnlyForDeploymentPostprocessing = 0;
		};
		321E2EE31C11D8EA009B521B /* Sources */ = {
			isa = PBXSourcesBuildPhase;
			buildActionMask = 2147483647;
			files = (
				321E2EEC1C11D8EA009B521B /* Me_Electricity_BillsUITests.swift in Sources */,
			);
			runOnlyForDeploymentPostprocessing = 0;
		};
/* End PBXSourcesBuildPhase section */

/* Begin PBXTargetDependency section */
		321E2EDE1C11D8EA009B521B /* PBXTargetDependency */ = {
			isa = PBXTargetDependency;
			target = 321E2EC71C11D8EA009B521B /* Me Electricity Bills */;
			targetProxy = 321E2EDD1C11D8EA009B521B /* PBXContainerItemProxy */;
		};
		321E2EE91C11D8EA009B521B /* PBXTargetDependency */ = {
			isa = PBXTargetDependency;
			target = 321E2EC71C11D8EA009B521B /* Me Electricity Bills */;
			targetProxy = 321E2EE81C11D8EA009B521B /* PBXContainerItemProxy */;
		};
/* End PBXTargetDependency section */

/* Begin PBXVariantGroup section */
		321E2ECF1C11D8EA009B521B /* Main.storyboard */ = {
			isa = PBXVariantGroup;
			children = (
				321E2ED01C11D8EA009B521B /* Base */,
			);
			name = Main.storyboard;
			sourceTree = "<group>";
		};
		321E2ED41C11D8EA009B521B /* LaunchScreen.storyboard */ = {
			isa = PBXVariantGroup;
			children = (
				321E2ED51C11D8EA009B521B /* Base */,
			);
			name = LaunchScreen.storyboard;
			sourceTree = "<group>";
		};
/* End PBXVariantGroup section */

/* Begin XCBuildConfiguration section */
		321E2EEE1C11D8EA009B521B /* Debug */ = {
			isa = XCBuildConfiguration;
			buildSettings = {
				ALWAYS_SEARCH_USER_PATHS = NO;
				CLANG_CXX_LANGUAGE_STANDARD = "gnu++0x";
				CLANG_CXX_LIBRARY = "libc++";
				CLANG_ENABLE_MODULES = YES;
				CLANG_ENABLE_OBJC_ARC = YES;
				CLANG_WARN_BOOL_CONVERSION = YES;
				CLANG_WARN_CONSTANT_CONVERSION = YES;
				CLANG_WARN_DIRECT_OBJC_ISA_USAGE = YES_ERROR;
				CLANG_WARN_EMPTY_BODY = YES;
				CLANG_WARN_ENUM_CONVERSION = YES;
				CLANG_WARN_INT_CONVERSION = YES;
				CLANG_WARN_OBJC_ROOT_CLASS = YES_ERROR;
				CLANG_WARN_UNREACHABLE_CODE = YES;
				CLANG_WARN__DUPLICATE_METHOD_MATCH = YES;
				"CODE_SIGN_IDENTITY[sdk=iphoneos*]" = "iPhone Developer";
				COPY_PHASE_STRIP = NO;
				DEBUG_INFORMATION_FORMAT = dwarf;
				ENABLE_STRICT_OBJC_MSGSEND = YES;
				ENABLE_TESTABILITY = YES;
				GCC_C_LANGUAGE_STANDARD = gnu99;
				GCC_DYNAMIC_NO_PIC = NO;
				GCC_NO_COMMON_BLOCKS = YES;
				GCC_OPTIMIZATION_LEVEL = 0;
				GCC_PREPROCESSOR_DEFINITIONS = (
					"DEBUG=1",
					"$(inherited)",
				);
				GCC_WARN_64_TO_32_BIT_CONVERSION = YES;
				GCC_WARN_ABOUT_RETURN_TYPE = YES_ERROR;
				GCC_WARN_UNDECLARED_SELECTOR = YES;
				GCC_WARN_UNINITIALIZED_AUTOS = YES_AGGRESSIVE;
				GCC_WARN_UNUSED_FUNCTION = YES;
				GCC_WARN_UNUSED_VARIABLE = YES;
				IPHONEOS_DEPLOYMENT_TARGET = 9.1;
				MTL_ENABLE_DEBUG_INFO = YES;
				ONLY_ACTIVE_ARCH = YES;
				SDKROOT = iphoneos;
				SWIFT_OPTIMIZATION_LEVEL = "-Onone";
				TARGETED_DEVICE_FAMILY = "1,2";
			};
			name = Debug;
		};
		321E2EEF1C11D8EA009B521B /* Release */ = {
			isa = XCBuildConfiguration;
			buildSettings = {
				ALWAYS_SEARCH_USER_PATHS = NO;
				CLANG_CXX_LANGUAGE_STANDARD = "gnu++0x";
				CLANG_CXX_LIBRARY = "libc++";
				CLANG_ENABLE_MODULES = YES;
				CLANG_ENABLE_OBJC_ARC = YES;
				CLANG_WARN_BOOL_CONVERSION = YES;
				CLANG_WARN_CONSTANT_CONVERSION = YES;
				CLANG_WARN_DIRECT_OBJC_ISA_USAGE = YES_ERROR;
				CLANG_WARN_EMPTY_BODY = YES;
				CLANG_WARN_ENUM_CONVERSION = YES;
				CLANG_WARN_INT_CONVERSION = YES;
				CLANG_WARN_OBJC_ROOT_CLASS = YES_ERROR;
				CLANG_WARN_UNREACHABLE_CODE = YES;
				CLANG_WARN__DUPLICATE_METHOD_MATCH = YES;
				"CODE_SIGN_IDENTITY[sdk=iphoneos*]" = "iPhone Developer";
				COPY_PHASE_STRIP = NO;
				DEBUG_INFORMATION_FORMAT = "dwarf-with-dsym";
				ENABLE_NS_ASSERTIONS = NO;
				ENABLE_STRICT_OBJC_MSGSEND = YES;
				GCC_C_LANGUAGE_STANDARD = gnu99;
				GCC_NO_COMMON_BLOCKS = YES;
				GCC_WARN_64_TO_32_BIT_CONVERSION = YES;
				GCC_WARN_ABOUT_RETURN_TYPE = YES_ERROR;
				GCC_WARN_UNDECLARED_SELECTOR = YES;
				GCC_WARN_UNINITIALIZED_AUTOS = YES_AGGRESSIVE;
				GCC_WARN_UNUSED_FUNCTION = YES;
				GCC_WARN_UNUSED_VARIABLE = YES;
				IPHONEOS_DEPLOYMENT_TARGET = 9.1;
				MTL_ENABLE_DEBUG_INFO = NO;
				SDKROOT = iphoneos;
				TARGETED_DEVICE_FAMILY = "1,2";
				VALIDATE_PRODUCT = YES;
			};
			name = Release;
		};
		321E2EF11C11D8EA009B521B /* Debug */ = {
			isa = XCBuildConfiguration;
			buildSettings = {
				ASSETCATALOG_COMPILER_APPICON_NAME = AppIcon;
				INFOPLIST_FILE = "Me Electricity Bills/Info.plist";
				LD_RUNPATH_SEARCH_PATHS = "$(inherited) @executable_path/Frameworks";
				PRODUCT_BUNDLE_IDENTIFIER = "com.yazapps.Me-Electricity-Bills";
				PRODUCT_NAME = "$(TARGET_NAME)";
			};
			name = Debug;
		};
		321E2EF21C11D8EA009B521B /* Release */ = {
			isa = XCBuildConfiguration;
			buildSettings = {
				ASSETCATALOG_COMPILER_APPICON_NAME = AppIcon;
				INFOPLIST_FILE = "Me Electricity Bills/Info.plist";
				LD_RUNPATH_SEARCH_PATHS = "$(inherited) @executable_path/Frameworks";
				PRODUCT_BUNDLE_IDENTIFIER = "com.yazapps.Me-Electricity-Bills";
				PRODUCT_NAME = "$(TARGET_NAME)";
			};
			name = Release;
		};
		321E2EF41C11D8EA009B521B /* Debug */ = {
			isa = XCBuildConfiguration;
			buildSettings = {
				BUNDLE_LOADER = "$(TEST_HOST)";
				INFOPLIST_FILE = "Me Electricity BillsTests/Info.plist";
				LD_RUNPATH_SEARCH_PATHS = "$(inherited) @executable_path/Frameworks @loader_path/Frameworks";
				PRODUCT_BUNDLE_IDENTIFIER = "com.yazapps.Me-Electricity-BillsTests";
				PRODUCT_NAME = "$(TARGET_NAME)";
				TEST_HOST = "$(BUILT_PRODUCTS_DIR)/Me Electricity Bills.app/Me Electricity Bills";
			};
			name = Debug;
		};
		321E2EF51C11D8EA009B521B /* Release */ = {
			isa = XCBuildConfiguration;
			buildSettings = {
				BUNDLE_LOADER = "$(TEST_HOST)";
				INFOPLIST_FILE = "Me Electricity BillsTests/Info.plist";
				LD_RUNPATH_SEARCH_PATHS = "$(inherited) @executable_path/Frameworks @loader_path/Frameworks";
				PRODUCT_BUNDLE_IDENTIFIER = "com.yazapps.Me-Electricity-BillsTests";
				PRODUCT_NAME = "$(TARGET_NAME)";
				TEST_HOST = "$(BUILT_PRODUCTS_DIR)/Me Electricity Bills.app/Me Electricity Bills";
			};
			name = Release;
		};
		321E2EF71C11D8EA009B521B /* Debug */ = {
			isa = XCBuildConfiguration;
			buildSettings = {
				INFOPLIST_FILE = "Me Electricity BillsUITests/Info.plist";
				LD_RUNPATH_SEARCH_PATHS = "$(inherited) @executable_path/Frameworks @loader_path/Frameworks";
				PRODUCT_BUNDLE_IDENTIFIER = "com.yazapps.Me-Electricity-BillsUITests";
				PRODUCT_NAME = "$(TARGET_NAME)";
				TEST_TARGET_NAME = "Me Electricity Bills";
				USES_XCTRUNNER = YES;
			};
			name = Debug;
		};
		321E2EF81C11D8EA009B521B /* Release */ = {
			isa = XCBuildConfiguration;
			buildSettings = {
				INFOPLIST_FILE = "Me Electricity BillsUITests/Info.plist";
				LD_RUNPATH_SEARCH_PATHS = "$(inherited) @executable_path/Frameworks @loader_path/Frameworks";
				PRODUCT_BUNDLE_IDENTIFIER = "com.yazapps.Me-Electricity-BillsUITests";
				PRODUCT_NAME = "$(TARGET_NAME)";
				TEST_TARGET_NAME = "Me Electricity Bills";
				USES_XCTRUNNER = YES;
			};
			name = Release;
		};
/* End XCBuildConfiguration section */

/* Begin XCConfigurationList section */
		321E2EC31C11D8EA009B521B /* Build configuration list for PBXProject "Me Electricity Bills" */ = {
			isa = XCConfigurationList;
			buildConfigurations = (
				321E2EEE1C11D8EA009B521B /* Debug */,
				321E2EEF1C11D8EA009B521B /* Release */,
			);
			defaultConfigurationIsVisible = 0;
			defaultConfigurationName = Release;
		};
		321E2EF01C11D8EA009B521B /* Build configuration list for PBXNativeTarget "Me Electricity Bills" */ = {
			isa = XCConfigurationList;
			buildConfigurations = (
				321E2EF11C11D8EA009B521B /* Debug */,
				321E2EF21C11D8EA009B521B /* Release */,
			);
			defaultConfigurationIsVisible = 0;
		};
		321E2EF31C11D8EA009B521B /* Build configuration list for PBXNativeTarget "Me Electricity BillsTests" */ = {
			isa = XCConfigurationList;
			buildConfigurations = (
				321E2EF41C11D8EA009B521B /* Debug */,
				321E2EF51C11D8EA009B521B /* Release */,
			);
			defaultConfigurationIsVisible = 0;
		};
		321E2EF61C11D8EA009B521B /* Build configuration list for PBXNativeTarget "Me Electricity BillsUITests" */ = {
			isa = XCConfigurationList;
			buildConfigurations = (
				321E2EF71C11D8EA009B521B /* Debug */,
				321E2EF81C11D8EA009B521B /* Release */,
			);
			defaultConfigurationIsVisible = 0;
		};
/* End XCConfigurationList section */
	};
	rootObject = 321E2EC01C11D8EA009B521B /* Project object */;
}
